
Microsoft Visual Studio Solution File, Format Version 12.00
# Visual Studio 15
VisualStudioVersion = 15.0.28307.572
MinimumVisualStudioVersion = 10.0.40219.1
Project("{FAE04EC0-301F-11D3-BF4B-00C04F79EFBC}") = "Dominio", "Dominio\Dominio.csproj", "{0D78B02B-028B-47EB-AC6E-3CA60C91EE42}"
EndProject
Global
	GlobalSection(SolutionConfigurationPlatforms) = preSolution
		Debug|Any CPU = Debug|Any CPU
		Release|Any CPU = Release|Any CPU
	EndGlobalSection
	GlobalSection(ProjectConfigurationPlatforms) = postSolution
		{0D78B02B-028B-47EB-AC6E-3CA60C91EE42}.Debug|Any CPU.ActiveCfg = Debug|Any CPU
		{0D78B02B-028B-47EB-AC6E-3CA60C91EE42}.Debug|Any CPU.Build.0 = Debug|Any CPU
		{0D78B02B-028B-47EB-AC6E-3CA60C91EE42}.Release|Any CPU.ActiveCfg = Release|Any CPU
		{0D78B02B-028B-47EB-AC6E-3CA60C91EE42}.Release|Any CPU.Build.0 = Release|Any CPU
	EndGlobalSection
	GlobalSection(SolutionProperties) = preSolution
		HideSolutionNode = FALSE
	EndGlobalSection
	GlobalSection(ExtensibilityGlobals) = postSolution
		SolutionGuid = {93C6D9DE-D2B4-4752-94F4-1720D8D9A907}
	EndGlobalSection
EndGlobal
